{
  "name": "lib",
  "version": "1.0.0",
  "lockfileVersion": 1,
  "requires": true,
  "dependencies": {
    "knockout": {
      "version": "3.5.1",
      "resolved": "https://registry.npmjs.org/knockout/-/knockout-3.5.1.tgz",
      "integrity": "sha512-wRJ9I4az0QcsH7A4v4l0enUpkS++MBx0BnL/68KaLzJg7x1qmbjSlwEoCNol7KTYZ+pmtI7Eh2J0Nu6/2Z5J/Q=="
    },
    "postman": {
      "version": "0.2.0",
      "resolved": "https://registry.npmjs.org/postman/-/postman-0.2.0.tgz",
      "integrity": "sha1-c8s2NDNtbPN7l2gmVhIEFXUB4E4="
    },
    "require-text": {
      "version": "0.0.1",
      "resolved": "https://registry.npmjs.org/require-text/-/require-text-0.0.1.tgz",
      "integrity": "sha1-zeej5EO3HBTh7A1c78/NQY3/1m4="
    },
    "requirejs": {
      "version": "2.3.6",
      "resolved": "https://registry.npmjs.org/requirejs/-/requirejs-2.3.6.tgz",
      "integrity": "sha512-ipEzlWQe6RK3jkzikgCupiTbTvm4S0/CAU5GlgptkN5SO6F3u0UD0K18wy6ErDqiCyP4J4YYe1HuAShvsxePLg=="
    }
  }
}
